
Microsoft Visual Studio Solution File, Format Version 12.00
# Visual Studio Version 16
VisualStudioVersion = 16.0.30611.23
MinimumVisualStudioVersion = 10.0.40219.1
Project("{FAE04EC0-301F-11D3-BF4B-00C04F79EFBC}") = "WebAPIInput", "WebAPIInput\WebAPIInput.csproj", "{CE8AA531-C161-432D-B391-A31FA27CA29B}"
EndProject
Global
	GlobalSection(SolutionConfigurationPlatforms) = preSolution
		Debug|Any CPU = Debug|Any CPU
		Release|Any CPU = Release|Any CPU
	EndGlobalSection
	GlobalSection(ProjectConfigurationPlatforms) = postSolution
		{CE8AA531-C161-432D-B391-A31FA27CA29B}.Debug|Any CPU.ActiveCfg = Debug|Any CPU
		{CE8AA531-C161-432D-B391-A31FA27CA29B}.Debug|Any CPU.Build.0 = Debug|Any CPU
		{CE8AA531-C161-432D-B391-A31FA27CA29B}.Release|Any CPU.ActiveCfg = Release|Any CPU
		{CE8AA531-C161-432D-B391-A31FA27CA29B}.Release|Any CPU.Build.0 = Release|Any CPU
	EndGlobalSection
	GlobalSection(SolutionProperties) = preSolution
		HideSolutionNode = FALSE
	EndGlobalSection
	GlobalSection(ExtensibilityGlobals) = postSolution
		SolutionGuid = {D6C094F2-ABC4-4D0E-9D62-B0BEF3720E1B}
	EndGlobalSection
EndGlobal
